Microsoft Visual Studio Solution File, Format Version 12.00
# Visual Studio Version 17
VisualStudioVersion = 17.5.2.0
MinimumVisualStudioVersion = 10.0.40219.1
Project("{FAE04EC0-301F-11D3-BF4B-00C04F79EFBC}") = "POOex01", "POOex01.csproj", "{07319EAB-7237-9DEA-AEC6-2181BE7871FC}"
EndProject
Global
	GlobalSection(SolutionConfigurationPlatforms) = preSolution
		Debug|Any CPU = Debug|Any CPU
		Release|Any CPU = Release|Any CPU
	EndGlobalSection
	GlobalSection(ProjectConfigurationPlatforms) = postSolution
		{07319EAB-7237-9DEA-AEC6-2181BE7871FC}.Debug|Any CPU.ActiveCfg = Debug|Any CPU
		{07319EAB-7237-9DEA-AEC6-2181BE7871FC}.Debug|Any CPU.Build.0 = Debug|Any CPU
		{07319EAB-7237-9DEA-AEC6-2181BE7871FC}.Release|Any CPU.ActiveCfg = Release|Any CPU
		{07319EAB-7237-9DEA-AEC6-2181BE7871FC}.Release|Any CPU.Build.0 = Release|Any CPU
	EndGlobalSection
	GlobalSection(SolutionProperties) = preSolution
		HideSolutionNode = FALSE
	EndGlobalSection
	GlobalSection(ExtensibilityGlobals) = postSolution
		SolutionGuid = {033A093C-E0A7-42D7-8CD7-70347E447EDA}
	EndGlobalSection
EndGlobal
